
Microsoft Visual Studio Solution File, Format Version 12.00
# Visual Studio Version 17
VisualStudioVersion = 17.3.32811.315
MinimumVisualStudioVersion = 10.0.40219.1
Project("{FAE04EC0-301F-11D3-BF4B-00C04F79EFBC}") = "PO1_Encapsulation", "PO1_Encapsulation\PO1_Encapsulation.csproj", "{09A62426-7DC9-43F5-B6E5-A13AE5C2700E}"
EndProject
Global
	GlobalSection(SolutionConfigurationPlatforms) = preSolution
		Debug|Any CPU = Debug|Any CPU
		Release|Any CPU = Release|Any CPU
	EndGlobalSection
	GlobalSection(ProjectConfigurationPlatforms) = postSolution
		{09A62426-7DC9-43F5-B6E5-A13AE5C2700E}.Debug|Any CPU.ActiveCfg = Debug|Any CPU
		{09A62426-7DC9-43F5-B6E5-A13AE5C2700E}.Debug|Any CPU.Build.0 = Debug|Any CPU
		{09A62426-7DC9-43F5-B6E5-A13AE5C2700E}.Release|Any CPU.ActiveCfg = Release|Any CPU
		{09A62426-7DC9-43F5-B6E5-A13AE5C2700E}.Release|Any CPU.Build.0 = Release|Any CPU
	EndGlobalSection
	GlobalSection(SolutionProperties) = preSolution
		HideSolutionNode = FALSE
	EndGlobalSection
	GlobalSection(ExtensibilityGlobals) = postSolution
		SolutionGuid = {3C05C2B5-929E-47D4-BF0B-56E67077A0CE}
	EndGlobalSection
EndGlobal
